
Microsoft Visual Studio Solution File, Format Version 12.00
# Visual Studio Version 16
VisualStudioVersion = 16.0.30804.86
MinimumVisualStudioVersion = 10.0.40219.1
Project("{8BC9CEB8-8B4A-11D0-8D11-00A0C91BC942}") = "scheduling_simulation", "scheduling_simulation\scheduling_simulation.vcxproj", "{D6B6D24B-CFD5-4A09-ABA9-971E80432AC9}"
EndProject
Global
	GlobalSection(SolutionConfigurationPlatforms) = preSolution
		Debug|x64 = Debug|x64
		Debug|x86 = Debug|x86
		Release|x64 = Release|x64
		Release|x86 = Release|x86
	EndGlobalSection
	GlobalSection(ProjectConfigurationPlatforms) = postSolution
		{D6B6D24B-CFD5-4A09-ABA9-971E80432AC9}.Debug|x64.ActiveCfg = Debug|x64
		{D6B6D24B-CFD5-4A09-ABA9-971E80432AC9}.Debug|x64.Build.0 = Debug|x64
		{D6B6D24B-CFD5-4A09-ABA9-971E80432AC9}.Debug|x86.ActiveCfg = Debug|Win32
		{D6B6D24B-CFD5-4A09-ABA9-971E80432AC9}.Debug|x86.Build.0 = Debug|Win32
		{D6B6D24B-CFD5-4A09-ABA9-971E80432AC9}.Release|x64.ActiveCfg = Release|x64
		{D6B6D24B-CFD5-4A09-ABA9-971E80432AC9}.Release|x64.Build.0 = Release|x64
		{D6B6D24B-CFD5-4A09-ABA9-971E80432AC9}.Release|x86.ActiveCfg = Release|Win32
		{D6B6D24B-CFD5-4A09-ABA9-971E80432AC9}.Release|x86.Build.0 = Release|Win32
	EndGlobalSection
	GlobalSection(SolutionProperties) = preSolution
		HideSolutionNode = FALSE
	EndGlobalSection
	GlobalSection(ExtensibilityGlobals) = postSolution
		SolutionGuid = {5CDB71E6-28ED-41D3-9679-A46A7F4F4EDB}
	EndGlobalSection
EndGlobal
